github.com/Nubuki-all/rpc2 v0.0.0-20250902094345-69aa62366512 h1:ggSOCF4YPxY6e6p78kfzAUge7lEYTKGOaT5zUeRuePs=
github.com/Nubuki-all/rpc2 v0.0.0-20250902094345-69aa62366512/go.mod h1:2yfU5b86vOr16+iY1jN3MvT6Kxc9Nf8j5iZWwUf7iaw=
github.com/Nubuki-all/rpc2 v0.0.0-20250902122959-85554963f42c h1:ckSVfNSeMK7050lvuDBaz1aTT8LjHX63vi3mzF5xfe8=
github.com/Nubuki-all/rpc2 v0.0.0-20250902122959-85554963f42c/go.mod h1:2yfU5b86vOr16+iY1jN3MvT6Kxc9Nf8j5iZWwUf7iaw=
github.com/cenkalti/hub v1.0.2 h1:Nqv9TNaA9boeO2wQFW8o87BY3zKthtnzXmWGmJqhAV8=
github.com/cenkalti/hub v1.0.2/go.mod h1:8LAFAZcCasb83vfxatMUnZHRoQcffho2ELpHb+kaTJU=
github.com/davecgh/go-spew v1.1.0 h1:ZDRjVQ15GmhC3fiQ8ni8+OwkZQO4DARzQgrnXU1Liz8=
github.com/davecgh/go-spew v1.1.0/go.mod h1:J7Y8YcW2NihsgmVo/mv3lAwl/skON4iLHjSsI+c5H38=
github.com/gorilla/websocket v1.4.1 h1:q7AeDBpnBk8AogcD4DSag/Ukw/KV+YhzLj2bP5HvKCM=
github.com/gorilla/websocket v1.4.1/go.mod h1:YR8l580nyteQvAITg2hZ9XVh4b55+EU/adAjf1fMHhE=
github.com/gorilla/websocket v1.5.3 h1:saDtZ6Pbx/0u+bgYQ3q96pZgCzfhKXGPqt7kZ72aNNg=
github.com/gorilla/websocket v1.5.3/go.mod h1:YR8l580nyteQvAITg2hZ9XVh4b55+EU/adAjf1fMHhE=
github.com/pmezard/go-difflib v1.0.0 h1:4DBwDE0NGyQoBHbLQYPwSUPoCMWR5BEzIk/f1lZbAQM=
github.com/pmezard/go-difflib v1.0.0/go.mod h1:iKH77koFhYxTK1pcRnkKkqfTogsbg7gZNVY4sRDYZ/4=
github.com/stretchr/objx v0.1.0/go.mod h1:HFkY916IF+rwdDfMAkV7OtwuqBVzrE8GR6GFx+wExME=
github.com/stretchr/testify v1.3.0 h1:TivCn/peBQ7UY8ooIcPgZFpTNSz0Q2U6UrFlUfqbe0Q=
github.com/stretchr/testify v1.3.0/go.mod h1:M5WIy9Dh21IEIfnGCwXGc5bZfKNJtfHm1UVUgZn+9EI=
